
Microsoft Visual Studio Solution File, Format Version 12.00
# Visual Studio 15
VisualStudioVersion = 15.0.27130.2010
MinimumVisualStudioVersion = 10.0.40219.1
Project("{8BC9CEB8-8B4A-11D0-8D11-00A0C91BC942}") = "RayTracer", "RayTracer\RayTracer.vcxproj", "{1818553D-C325-4629-B3B1-09398078B71A}"
EndProject
Project("{8BC9CEB8-8B4A-11D0-8D11-00A0C91BC942}") = "Raytracer-test", "Raytracer-test\Raytracer-test.vcxproj", "{4C900F6D-1B40-43AB-9B03-888C87C019BF}"
EndProject
Global
	GlobalSection(SolutionConfigurationPlatforms) = preSolution
		Debug|x64 = Debug|x64
		Debug|x86 = Debug|x86
		Release|x64 = Release|x64
		Release|x86 = Release|x86
	EndGlobalSection
	GlobalSection(ProjectConfigurationPlatforms) = postSolution
		{1818553D-C325-4629-B3B1-09398078B71A}.Debug|x64.ActiveCfg = Debug|x64
		{1818553D-C325-4629-B3B1-09398078B71A}.Debug|x64.Build.0 = Debug|x64
		{1818553D-C325-4629-B3B1-09398078B71A}.Debug|x86.ActiveCfg = Debug|Win32
		{1818553D-C325-4629-B3B1-09398078B71A}.Debug|x86.Build.0 = Debug|Win32
		{1818553D-C325-4629-B3B1-09398078B71A}.Release|x64.ActiveCfg = Release|x64
		{1818553D-C325-4629-B3B1-09398078B71A}.Release|x64.Build.0 = Release|x64
		{1818553D-C325-4629-B3B1-09398078B71A}.Release|x86.ActiveCfg = Release|Win32
		{1818553D-C325-4629-B3B1-09398078B71A}.Release|x86.Build.0 = Release|Win32
		{4C900F6D-1B40-43AB-9B03-888C87C019BF}.Debug|x64.ActiveCfg = Debug|x64
		{4C900F6D-1B40-43AB-9B03-888C87C019BF}.Debug|x64.Build.0 = Debug|x64
		{4C900F6D-1B40-43AB-9B03-888C87C019BF}.Debug|x86.ActiveCfg = Debug|Win32
		{4C900F6D-1B40-43AB-9B03-888C87C019BF}.Debug|x86.Build.0 = Debug|Win32
		{4C900F6D-1B40-43AB-9B03-888C87C019BF}.Release|x64.ActiveCfg = Release|x64
		{4C900F6D-1B40-43AB-9B03-888C87C019BF}.Release|x64.Build.0 = Release|x64
		{4C900F6D-1B40-43AB-9B03-888C87C019BF}.Release|x86.ActiveCfg = Release|Win32
		{4C900F6D-1B40-43AB-9B03-888C87C019BF}.Release|x86.Build.0 = Release|Win32
	EndGlobalSection
	GlobalSection(SolutionProperties) = preSolution
		HideSolutionNode = FALSE
	EndGlobalSection
	GlobalSection(ExtensibilityGlobals) = postSolution
		SolutionGuid = {0FA52910-E053-4B46-87C7-4C49E90D0411}
	EndGlobalSection
EndGlobal
